
Microsoft Visual Studio Solution File, Format Version 12.00
# Visual Studio 15
VisualStudioVersion = 15.0.27428.2015
MinimumVisualStudioVersion = 10.0.40219.1
Project("{8BC9CEB8-8B4A-11D0-8D11-00A0C91BC942}") = "WordCounter", "WordCounter\WordCounter.vcxproj", "{3CE4DD79-A60B-49A0-93DB-F50976350620}"
EndProject
Global
	GlobalSection(SolutionConfigurationPlatforms) = preSolution
		Debug|x64 = Debug|x64
		Debug|x86 = Debug|x86
		Release|x64 = Release|x64
		Release|x86 = Release|x86
	EndGlobalSection
	GlobalSection(ProjectConfigurationPlatforms) = postSolution
		{3CE4DD79-A60B-49A0-93DB-F50976350620}.Debug|x64.ActiveCfg = Debug|x64
		{3CE4DD79-A60B-49A0-93DB-F50976350620}.Debug|x64.Build.0 = Debug|x64
		{3CE4DD79-A60B-49A0-93DB-F50976350620}.Debug|x86.ActiveCfg = Debug|Win32
		{3CE4DD79-A60B-49A0-93DB-F50976350620}.Debug|x86.Build.0 = Debug|Win32
		{3CE4DD79-A60B-49A0-93DB-F50976350620}.Release|x64.ActiveCfg = Release|x64
		{3CE4DD79-A60B-49A0-93DB-F50976350620}.Release|x64.Build.0 = Release|x64
		{3CE4DD79-A60B-49A0-93DB-F50976350620}.Release|x86.ActiveCfg = Release|Win32
		{3CE4DD79-A60B-49A0-93DB-F50976350620}.Release|x86.Build.0 = Release|Win32
	EndGlobalSection
	GlobalSection(SolutionProperties) = preSolution
		HideSolutionNode = FALSE
	EndGlobalSection
	GlobalSection(ExtensibilityGlobals) = postSolution
		SolutionGuid = {072666E9-222E-4E00-986D-B299597B19FE}
	EndGlobalSection
EndGlobal
